
Microsoft Visual Studio Solution File, Format Version 12.00
# Visual Studio Version 16
VisualStudioVersion = 16.0.30225.117
MinimumVisualStudioVersion = 10.0.40219.1
Project("{FAE04EC0-301F-11D3-BF4B-00C04F79EFBC}") = "While-Loop", "While-Loop.csproj", "{3B8ECFF8-F5E0-48C1-902E-ED3098246DA6}"
EndProject
Global
	GlobalSection(SolutionConfigurationPlatforms) = preSolution
		Debug|Any CPU = Debug|Any CPU
		Release|Any CPU = Release|Any CPU
	EndGlobalSection
	GlobalSection(ProjectConfigurationPlatforms) = postSolution
		{3B8ECFF8-F5E0-48C1-902E-ED3098246DA6}.Debug|Any CPU.ActiveCfg = Debug|Any CPU
		{3B8ECFF8-F5E0-48C1-902E-ED3098246DA6}.Debug|Any CPU.Build.0 = Debug|Any CPU
		{3B8ECFF8-F5E0-48C1-902E-ED3098246DA6}.Release|Any CPU.ActiveCfg = Release|Any CPU
		{3B8ECFF8-F5E0-48C1-902E-ED3098246DA6}.Release|Any CPU.Build.0 = Release|Any CPU
	EndGlobalSection
	GlobalSection(SolutionProperties) = preSolution
		HideSolutionNode = FALSE
	EndGlobalSection
	GlobalSection(ExtensibilityGlobals) = postSolution
		SolutionGuid = {D8795A47-C99A-4331-85CD-DA10A2C989B9}
	EndGlobalSection
EndGlobal
