
Microsoft Visual Studio Solution File, Format Version 12.00
# Visual Studio Version 16
VisualStudioVersion = 16.0.30225.117
MinimumVisualStudioVersion = 10.0.40219.1
Project("{FAE04EC0-301F-11D3-BF4B-00C04F79EFBC}") = "Collections", "Collections.csproj", "{A9ECEADF-B95C-4C55-80F1-9CBC6ED2225E}"
EndProject
Global
	GlobalSection(SolutionConfigurationPlatforms) = preSolution
		Debug|Any CPU = Debug|Any CPU
		Release|Any CPU = Release|Any CPU
	EndGlobalSection
	GlobalSection(ProjectConfigurationPlatforms) = postSolution
		{A9ECEADF-B95C-4C55-80F1-9CBC6ED2225E}.Debug|Any CPU.ActiveCfg = Debug|Any CPU
		{A9ECEADF-B95C-4C55-80F1-9CBC6ED2225E}.Debug|Any CPU.Build.0 = Debug|Any CPU
		{A9ECEADF-B95C-4C55-80F1-9CBC6ED2225E}.Release|Any CPU.ActiveCfg = Release|Any CPU
		{A9ECEADF-B95C-4C55-80F1-9CBC6ED2225E}.Release|Any CPU.Build.0 = Release|Any CPU
	EndGlobalSection
	GlobalSection(SolutionProperties) = preSolution
		HideSolutionNode = FALSE
	EndGlobalSection
	GlobalSection(ExtensibilityGlobals) = postSolution
		SolutionGuid = {81A45ECD-A46C-4BD6-B131-7500280E8BF6}
	EndGlobalSection
EndGlobal
