
Microsoft Visual Studio Solution File, Format Version 12.00
# Visual Studio Version 16
VisualStudioVersion = 16.0.30225.117
MinimumVisualStudioVersion = 10.0.40219.1
Project("{FAE04EC0-301F-11D3-BF4B-00C04F79EFBC}") = "Scopes", "Scopes.csproj", "{B16D4B2E-8FF7-44F8-A7AB-B5C124CABA67}"
EndProject
Global
	GlobalSection(SolutionConfigurationPlatforms) = preSolution
		Debug|Any CPU = Debug|Any CPU
		Release|Any CPU = Release|Any CPU
	EndGlobalSection
	GlobalSection(ProjectConfigurationPlatforms) = postSolution
		{B16D4B2E-8FF7-44F8-A7AB-B5C124CABA67}.Debug|Any CPU.ActiveCfg = Debug|Any CPU
		{B16D4B2E-8FF7-44F8-A7AB-B5C124CABA67}.Debug|Any CPU.Build.0 = Debug|Any CPU
		{B16D4B2E-8FF7-44F8-A7AB-B5C124CABA67}.Release|Any CPU.ActiveCfg = Release|Any CPU
		{B16D4B2E-8FF7-44F8-A7AB-B5C124CABA67}.Release|Any CPU.Build.0 = Release|Any CPU
	EndGlobalSection
	GlobalSection(SolutionProperties) = preSolution
		HideSolutionNode = FALSE
	EndGlobalSection
	GlobalSection(ExtensibilityGlobals) = postSolution
		SolutionGuid = {4E04EF35-E2A2-45C1-8B0F-0C0A82C5518C}
	EndGlobalSection
EndGlobal
